
Microsoft Visual Studio Solution File, Format Version 12.00
# Visual Studio Version 16
VisualStudioVersion = 16.0.30717.126
MinimumVisualStudioVersion = 10.0.40219.1
Project("{8BC9CEB8-8B4A-11D0-8D11-00A0C91BC942}") = "PolimorphismOOP", "PolimorphismOOP\PolimorphismOOP.vcxproj", "{62437BD2-EE11-487B-A246-0EA6A2CAFB7B}"
EndProject
Global
	GlobalSection(SolutionConfigurationPlatforms) = preSolution
		Debug|x64 = Debug|x64
		Debug|x86 = Debug|x86
		Release|x64 = Release|x64
		Release|x86 = Release|x86
	EndGlobalSection
	GlobalSection(ProjectConfigurationPlatforms) = postSolution
		{62437BD2-EE11-487B-A246-0EA6A2CAFB7B}.Debug|x64.ActiveCfg = Debug|x64
		{62437BD2-EE11-487B-A246-0EA6A2CAFB7B}.Debug|x64.Build.0 = Debug|x64
		{62437BD2-EE11-487B-A246-0EA6A2CAFB7B}.Debug|x86.ActiveCfg = Debug|Win32
		{62437BD2-EE11-487B-A246-0EA6A2CAFB7B}.Debug|x86.Build.0 = Debug|Win32
		{62437BD2-EE11-487B-A246-0EA6A2CAFB7B}.Release|x64.ActiveCfg = Release|x64
		{62437BD2-EE11-487B-A246-0EA6A2CAFB7B}.Release|x64.Build.0 = Release|x64
		{62437BD2-EE11-487B-A246-0EA6A2CAFB7B}.Release|x86.ActiveCfg = Release|Win32
		{62437BD2-EE11-487B-A246-0EA6A2CAFB7B}.Release|x86.Build.0 = Release|Win32
	EndGlobalSection
	GlobalSection(SolutionProperties) = preSolution
		HideSolutionNode = FALSE
	EndGlobalSection
	GlobalSection(ExtensibilityGlobals) = postSolution
		SolutionGuid = {F1901A1E-BF46-4718-AC41-336BF2F847CA}
	EndGlobalSection
EndGlobal
